
Microsoft Visual Studio Solution File, Format Version 12.00
# Visual Studio Version 16
VisualStudioVersion = 16.0.29411.108
MinimumVisualStudioVersion = 10.0.40219.1
Project("{D954291E-2A0B-460D-934E-DC6B0785DB48}") = "MemTools", "MemTools.shproj", "{F6AB04FF-EA6E-42D6-8004-26D9389429A4}"
EndProject
Global
	GlobalSection(SharedMSBuildProjectFiles) = preSolution
		MemTools.projitems*{f6ab04ff-ea6e-42d6-8004-26d9389429a4}*SharedItemsImports = 13
	EndGlobalSection
	GlobalSection(SolutionProperties) = preSolution
		HideSolutionNode = FALSE
	EndGlobalSection
	GlobalSection(ExtensibilityGlobals) = postSolution
		SolutionGuid = {DD3235D2-6FB4-4D70-BB3A-35FA5D81F4A0}
	EndGlobalSection
EndGlobal
